
Microsoft Visual Studio Solution File, Format Version 12.00
# Visual Studio Version 16
VisualStudioVersion = 16.0.33529.622
MinimumVisualStudioVersion = 10.0.40219.1
Project("{FAE04EC0-301F-11D3-BF4B-00C04F79EFBC}") = "PryDamonteLab", "PryDamonteLab.csproj", "{A42C061D-415C-4FFB-9FAE-8323310D4CE5}"
EndProject
Global
	GlobalSection(SolutionConfigurationPlatforms) = preSolution
		Debug|Any CPU = Debug|Any CPU
		Release|Any CPU = Release|Any CPU
	EndGlobalSection
	GlobalSection(ProjectConfigurationPlatforms) = postSolution
		{A42C061D-415C-4FFB-9FAE-8323310D4CE5}.Debug|Any CPU.ActiveCfg = Debug|Any CPU
		{A42C061D-415C-4FFB-9FAE-8323310D4CE5}.Debug|Any CPU.Build.0 = Debug|Any CPU
		{A42C061D-415C-4FFB-9FAE-8323310D4CE5}.Release|Any CPU.ActiveCfg = Release|Any CPU
		{A42C061D-415C-4FFB-9FAE-8323310D4CE5}.Release|Any CPU.Build.0 = Release|Any CPU
	EndGlobalSection
	GlobalSection(SolutionProperties) = preSolution
		HideSolutionNode = FALSE
	EndGlobalSection
	GlobalSection(ExtensibilityGlobals) = postSolution
		SolutionGuid = {15BF6428-9ED8-415F-8925-91DA9BEDFB99}
	EndGlobalSection
EndGlobal
